PODS:
  - Annotations (0.2.0):
    - TextAnnotation (= 0.4.0)
  - TextAnnotation (0.4.0)

DEPENDENCIES:
  - Annotations (from `../`)
  - TextAnnotation (from `https://github.com/blackbeltlabs/TextAnnotation.git`)

EXTERNAL SOURCES:
  Annotations:
    :path: "../"
  TextAnnotation:
    :git: https://github.com/blackbeltlabs/TextAnnotation.git

CHECKOUT OPTIONS:
  TextAnnotation:
    :commit: b825dcba98e690fa44031869a193bd456454ec55
    :git: https://github.com/blackbeltlabs/TextAnnotation.git

SPEC CHECKSUMS:
  Annotations: 88de3eabea739a38ec757fac7e701dd03d8985ad
  TextAnnotation: 8fbbe74db686669ea7e55d37b9937db638b1f59a

PODFILE CHECKSUM: ca7c11ec9c1302f55db8f47f0389ea4adc5c5860

COCOAPODS: 1.7.0
