PODS:
  - Annotations (0.1.0):
    - TextAnnotation (= 0.1.1)
  - TextAnnotation (0.1.1)

DEPENDENCIES:
  - Annotations (from `../`)
  - TextAnnotation (from `https://github.com/blackbeltlabs/TextAnnotation.git`)

EXTERNAL SOURCES:
  Annotations:
    :path: "../"
  TextAnnotation:
    :git: https://github.com/blackbeltlabs/TextAnnotation.git

CHECKOUT OPTIONS:
  TextAnnotation:
    :commit: b278c6ccd9f383ff01d40d563aab0ac46f6a78c1
    :git: https://github.com/blackbeltlabs/TextAnnotation.git

SPEC CHECKSUMS:
  Annotations: cf2b8c3380bbd2e81398d715a354da1b492509d4
  TextAnnotation: 2798fc8be0cec79591db64bd2816eaff572ea20e

PODFILE CHECKSUM: ca7c11ec9c1302f55db8f47f0389ea4adc5c5860

COCOAPODS: 1.6.1
